// !$*UTF8*$!
{
	archiveVersion = 1;
	classes = {
	};
	objectVersion = 56;
	objects = {

/* Begin PBXBuildFile section */
		440928172B2F4CCF002EAB0D /* 18352.swift in Sources */ = {isa = PBXBuildFile; fileRef = 440928162B2F4CCF002EAB0D /* 18352.swift */; };
		440928192B305988002EAB0D /* 1753.swift in Sources */ = {isa = PBXBuildFile; fileRef = 440928182B305988002EAB0D /* 1753.swift */; };
		4409281B2B305FF2002EAB0D /* Heap.swift in Sources */ = {isa = PBXBuildFile; fileRef = 4409281A2B305FF2002EAB0D /* Heap.swift */; };
		4409281D2B3061D6002EAB0D /* PriorityQueue.swift in Sources */ = {isa = PBXBuildFile; fileRef = 4409281C2B3061D6002EAB0D /* PriorityQueue.swift */; };
		4409281F2B306AAB002EAB0D /* 1277.swift in Sources */ = {isa = PBXBuildFile; fileRef = 4409281E2B306AAB002EAB0D /* 1277.swift */; };
		4423817A2B737DFA008A0CCD /* 3052.swift in Sources */ = {isa = PBXBuildFile; fileRef = 442381792B737DFA008A0CCD /* 3052.swift */; };
		443F2F322B0E47CE004294F5 /* 1789.swift in Sources */ = {isa = PBXBuildFile; fileRef = 443F2F312B0E47CE004294F5 /* 1789.swift */; };
		443F2F342B0E4E78004294F5 /* 2512.swift in Sources */ = {isa = PBXBuildFile; fileRef = 443F2F332B0E4E78004294F5 /* 2512.swift */; };
		443F2F362B0E5C65004294F5 /* 1654.swift in Sources */ = {isa = PBXBuildFile; fileRef = 443F2F352B0E5C65004294F5 /* 1654.swift */; };
		444544A92ABB0DE20073F4F4 /* 1697.swift in Sources */ = {isa = PBXBuildFile; fileRef = 444544A82ABB0DE20073F4F4 /* 1697.swift */; };
		444544AB2ABB4D780073F4F4 /* 18942.swift in Sources */ = {isa = PBXBuildFile; fileRef = 444544AA2ABB4D780073F4F4 /* 18942.swift */; };
		444544AD2ABDF4950073F4F4 /* 2606.swift in Sources */ = {isa = PBXBuildFile; fileRef = 444544AC2ABDF4950073F4F4 /* 2606.swift */; };
		444544AF2ABDFA7C0073F4F4 /* 17086.swift in Sources */ = {isa = PBXBuildFile; fileRef = 444544AE2ABDFA7C0073F4F4 /* 17086.swift */; };
		444E6A5C2AEFFDBD00AEC703 /* 2748.swift in Sources */ = {isa = PBXBuildFile; fileRef = 444E6A5B2AEFFDBD00AEC703 /* 2748.swift */; };
		444E6A602AF1599100AEC703 /* 9095.swift in Sources */ = {isa = PBXBuildFile; fileRef = 444E6A5F2AF1599100AEC703 /* 9095.swift */; };
		4466D3D52B6FCCEE00E1753B /* 1330.swift in Sources */ = {isa = PBXBuildFile; fileRef = 4466D3D42B6FCCEE00E1753B /* 1330.swift */; };
		4466D3D72B6FCD1100E1753B /* 9498.swift in Sources */ = {isa = PBXBuildFile; fileRef = 4466D3D62B6FCD1100E1753B /* 9498.swift */; };
		4466D3D92B6FCD5E00E1753B /* 2753.swift in Sources */ = {isa = PBXBuildFile; fileRef = 4466D3D82B6FCD5E00E1753B /* 2753.swift */; };
		4466D3DB2B6FCD8000E1753B /* 14681.swift in Sources */ = {isa = PBXBuildFile; fileRef = 4466D3DA2B6FCD8000E1753B /* 14681.swift */; };
		4466D3DD2B6FCDA200E1753B /* 2884.swift in Sources */ = {isa = PBXBuildFile; fileRef = 4466D3DC2B6FCDA200E1753B /* 2884.swift */; };
		4466D3DF2B6FCE3D00E1753B /* 2480.swift in Sources */ = {isa = PBXBuildFile; fileRef = 4466D3DE2B6FCE3D00E1753B /* 2480.swift */; };
		4466D3E32B6FD84200E1753B /* 2525.swift in Sources */ = {isa = PBXBuildFile; fileRef = 4466D3E22B6FD84200E1753B /* 2525.swift */; };
		446E1A062B73581600881921 /* 10807.swift in Sources */ = {isa = PBXBuildFile; fileRef = 446E1A052B73581600881921 /* 10807.swift */; };
		446E1A082B73581E00881921 /* 10871.swift in Sources */ = {isa = PBXBuildFile; fileRef = 446E1A072B73581E00881921 /* 10871.swift */; };
		446E1A0A2B73582600881921 /* 10818.swift in Sources */ = {isa = PBXBuildFile; fileRef = 446E1A092B73582600881921 /* 10818.swift */; };
		446E1A0C2B73582E00881921 /* 2562.swift in Sources */ = {isa = PBXBuildFile; fileRef = 446E1A0B2B73582E00881921 /* 2562.swift */; };
		446E1A0E2B73583600881921 /* 10810.swift in Sources */ = {isa = PBXBuildFile; fileRef = 446E1A0D2B73583600881921 /* 10810.swift */; };
		446E1A102B735B7400881921 /* 10813.swift in Sources */ = {isa = PBXBuildFile; fileRef = 446E1A0F2B735B7400881921 /* 10813.swift */; };
		446E1A122B735DE000881921 /* 5597.swift in Sources */ = {isa = PBXBuildFile; fileRef = 446E1A112B735DE000881921 /* 5597.swift */; };
		446E1A142B7365A300881921 /* 1546.swift in Sources */ = {isa = PBXBuildFile; fileRef = 446E1A132B7365A300881921 /* 1546.swift */; };
		446E1A162B73685D00881921 /* 10811.swift in Sources */ = {isa = PBXBuildFile; fileRef = 446E1A152B73685D00881921 /* 10811.swift */; };
		447011CB2B76793D00616ED5 /* 25803.swift in Sources */ = {isa = PBXBuildFile; fileRef = 447011CA2B76793D00616ED5 /* 25803.swift */; };
		447011CD2B767A0300616ED5 /* 3003.swift in Sources */ = {isa = PBXBuildFile; fileRef = 447011CC2B767A0300616ED5 /* 3003.swift */; };
		447011CF2B767D6700616ED5 /* 2444.swift in Sources */ = {isa = PBXBuildFile; fileRef = 447011CE2B767D6700616ED5 /* 2444.swift */; };
		447011D12B7687C200616ED5 /* 10988.swift in Sources */ = {isa = PBXBuildFile; fileRef = 447011D02B7687C200616ED5 /* 10988.swift */; };
		449528422AF28D730012A0C3 /* 1912.swift in Sources */ = {isa = PBXBuildFile; fileRef = 449528412AF28D730012A0C3 /* 1912.swift */; };
		449F7A912B050A85003425AF /* 10844.swift in Sources */ = {isa = PBXBuildFile; fileRef = 449F7A902B050A85003425AF /* 10844.swift */; };
		449F7A932B0517FF003425AF /* 15486.swift in Sources */ = {isa = PBXBuildFile; fileRef = 449F7A922B0517FF003425AF /* 15486.swift */; };
		449F7A952B0523F5003425AF /* 9465.swift in Sources */ = {isa = PBXBuildFile; fileRef = 449F7A942B0523F5003425AF /* 9465.swift */; };
		44BBEAA32B75287A0086F90A /* 2675.swift in Sources */ = {isa = PBXBuildFile; fileRef = 44BBEAA22B75287A0086F90A /* 2675.swift */; };
		44BBEAA52B752C190086F90A /* 5622.swift in Sources */ = {isa = PBXBuildFile; fileRef = 44BBEAA42B752C190086F90A /* 5622.swift */; };
		44BBEAA82B7537350086F90A /* 2908.swift in Sources */ = {isa = PBXBuildFile; fileRef = 44BBEAA72B7537350086F90A /* 2908.swift */; };
		44BBEAAA2B75DE3E0086F90A /* 27866.swift in Sources */ = {isa = PBXBuildFile; fileRef = 44BBEAA92B75DE3E0086F90A /* 27866.swift */; };
		44BBEAAC2B75DE480086F90A /* 2743.swift in Sources */ = {isa = PBXBuildFile; fileRef = 44BBEAAB2B75DE480086F90A /* 2743.swift */; };
		44BBEAAE2B75DE4F0086F90A /* 9086.swift in Sources */ = {isa = PBXBuildFile; fileRef = 44BBEAAD2B75DE4F0086F90A /* 9086.swift */; };
		44BBEAB02B75DE580086F90A /* 11654.swift in Sources */ = {isa = PBXBuildFile; fileRef = 44BBEAAF2B75DE580086F90A /* 11654.swift */; };
		44BBEAB22B75DE5F0086F90A /* 11720.swift in Sources */ = {isa = PBXBuildFile; fileRef = 44BBEAB12B75DE5F0086F90A /* 11720.swift */; };
		44BBEAB42B75DE660086F90A /* 10809.swift in Sources */ = {isa = PBXBuildFile; fileRef = 44BBEAB32B75DE660086F90A /* 10809.swift */; };
		44BBEAB62B75DE770086F90A /* 1152.swift in Sources */ = {isa = PBXBuildFile; fileRef = 44BBEAB52B75DE770086F90A /* 1152.swift */; };
		44BBEAB82B75DE8A0086F90A /* 11718.swift in Sources */ = {isa = PBXBuildFile; fileRef = 44BBEAB72B75DE8A0086F90A /* 11718.swift */; };
		44C0C3432A8DF5880072A0B8 /* main.swift in Sources */ = {isa = PBXBuildFile; fileRef = 44C0C3422A8DF5880072A0B8 /* main.swift */; };
		44C0C34B2A8DF64B0072A0B8 /* 2798.swift in Sources */ = {isa = PBXBuildFile; fileRef = 44C0C34A2A8DF64B0072A0B8 /* 2798.swift */; };
		44C0C39C2B7693470071C84F /* 1157.swift in Sources */ = {isa = PBXBuildFile; fileRef = 44C0C39B2B7693470071C84F /* 1157.swift */; };
		44C0C39E2B7695D10071C84F /* 2941.swift in Sources */ = {isa = PBXBuildFile; fileRef = 44C0C39D2B7695D10071C84F /* 2941.swift */; };
		44C0C3A02B7695DB0071C84F /* 1316.swift in Sources */ = {isa = PBXBuildFile; fileRef = 44C0C39F2B7695DB0071C84F /* 1316.swift */; };
		44C0C3A22B7695E30071C84F /* 25206.swift in Sources */ = {isa = PBXBuildFile; fileRef = 44C0C3A12B7695E30071C84F /* 25206.swift */; };
		44DE2C402AB5E950000464E9 /* 18108.swift in Sources */ = {isa = PBXBuildFile; fileRef = 44DE2C3F2AB5E950000464E9 /* 18108.swift */; };
		44E1358F2AB7466500ACC79F /* 1260.swift in Sources */ = {isa = PBXBuildFile; fileRef = 44E1358E2AB7466500ACC79F /* 1260.swift */; };
		44E135922AB86A8700ACC79F /* DFS_BFS.swift in Sources */ = {isa = PBXBuildFile; fileRef = 44E135912AB86A8700ACC79F /* DFS_BFS.swift */; };
		44E135F62ABA04A100ACC79F /* 1012.swift in Sources */ = {isa = PBXBuildFile; fileRef = 44E135F52ABA04A100ACC79F /* 1012.swift */; };
		44E236FC2B7145CE00E40AF3 /* 15552.swift in Sources */ = {isa = PBXBuildFile; fileRef = 44E236FB2B7145CE00E40AF3 /* 15552.swift */; };
		44E236FE2B714C1B00E40AF3 /* 11021.swift in Sources */ = {isa = PBXBuildFile; fileRef = 44E236FD2B714C1B00E40AF3 /* 11021.swift */; };
		44E237002B71F6DE00E40AF3 /* 2739.swift in Sources */ = {isa = PBXBuildFile; fileRef = 44E236FF2B71F6DE00E40AF3 /* 2739.swift */; };
		44E237022B71F70000E40AF3 /* 10950.swift in Sources */ = {isa = PBXBuildFile; fileRef = 44E237012B71F70000E40AF3 /* 10950.swift */; };
		44E237042B71F72F00E40AF3 /* 8393.swift in Sources */ = {isa = PBXBuildFile; fileRef = 44E237032B71F72F00E40AF3 /* 8393.swift */; };
		44E237062B71F74900E40AF3 /* 25304.swift in Sources */ = {isa = PBXBuildFile; fileRef = 44E237052B71F74900E40AF3 /* 25304.swift */; };
		44E237082B71F75500E40AF3 /* 25314.swift in Sources */ = {isa = PBXBuildFile; fileRef = 44E237072B71F75500E40AF3 /* 25314.swift */; };
		44E2370A2B71F76900E40AF3 /* 11022.swift in Sources */ = {isa = PBXBuildFile; fileRef = 44E237092B71F76900E40AF3 /* 11022.swift */; };
		44E2370C2B71F77200E40AF3 /* 2438.swift in Sources */ = {isa = PBXBuildFile; fileRef = 44E2370B2B71F77200E40AF3 /* 2438.swift */; };
		44E2370E2B71F77800E40AF3 /* 2439.swift in Sources */ = {isa = PBXBuildFile; fileRef = 44E2370D2B71F77800E40AF3 /* 2439.swift */; };
		44E237102B71F77F00E40AF3 /* 10952.swift in Sources */ = {isa = PBXBuildFile; fileRef = 44E2370F2B71F77F00E40AF3 /* 10952.swift */; };
		44E237122B71F78600E40AF3 /* 10951.swift in Sources */ = {isa = PBXBuildFile; fileRef = 44E237112B71F78600E40AF3 /* 10951.swift */; };
		44F30BF02AE9738E00B67014 /* 11399.swift in Sources */ = {isa = PBXBuildFile; fileRef = 44F30BEF2AE9738E00B67014 /* 11399.swift */; };
		44F30BF22AE979D100B67014 /* 1541.swift in Sources */ = {isa = PBXBuildFile; fileRef = 44F30BF12AE979D100B67014 /* 1541.swift */; };
		44F5A9CC2B78C52100C1285D /* 2738.swift in Sources */ = {isa = PBXBuildFile; fileRef = 44F5A9CB2B78C52100C1285D /* 2738.swift */; };
		44F5A9CE2B78C8FA00C1285D /* 2566.swift in Sources */ = {isa = PBXBuildFile; fileRef = 44F5A9CD2B78C8FA00C1285D /* 2566.swift */; };
		44F5A9D02B78CD9600C1285D /* 10798.swift in Sources */ = {isa = PBXBuildFile; fileRef = 44F5A9CF2B78CD9600C1285D /* 10798.swift */; };
		44F5A9D22B78D4F800C1285D /* 2563.swift in Sources */ = {isa = PBXBuildFile; fileRef = 44F5A9D12B78D4F800C1285D /* 2563.swift */; };
		44F8B7762B59259E00770924 /* 17609.swift in Sources */ = {isa = PBXBuildFile; fileRef = 44F8B7752B59259E00770924 /* 17609.swift */; };
		44F8B7782B5978A000770924 /* 11501.swift in Sources */ = {isa = PBXBuildFile; fileRef = 44F8B7772B5978A000770924 /* 11501.swift */; };
/* End PBXBuildFile section */

/* Begin PBXCopyFilesBuildPhase section */
		44C0C33D2A8DF5880072A0B8 /* CopyFiles */ = {
			isa = PBXCopyFilesBuildPhase;
			buildActionMask = 2147483647;
			dstPath = /usr/share/man/man1/;
			dstSubfolderSpec = 0;
			files = (
			);
			runOnlyForDeploymentPostprocessing = 1;
		};
/* End PBXCopyFilesBuildPhase section */

/* Begin PBXFileReference section */
		440928162B2F4CCF002EAB0D /* 18352.swift */ = {isa = PBXFileReference; lastKnownFileType = sourcecode.swift; path = 18352.swift; sourceTree = "<group>"; };
		440928182B305988002EAB0D /* 1753.swift */ = {isa = PBXFileReference; lastKnownFileType = sourcecode.swift; path = 1753.swift; sourceTree = "<group>"; };
		4409281A2B305FF2002EAB0D /* Heap.swift */ = {isa = PBXFileReference; lastKnownFileType = sourcecode.swift; path = Heap.swift; sourceTree = "<group>"; };
		4409281C2B3061D6002EAB0D /* PriorityQueue.swift */ = {isa = PBXFileReference; lastKnownFileType = sourcecode.swift; path = PriorityQueue.swift; sourceTree = "<group>"; };
		4409281E2B306AAB002EAB0D /* 1277.swift */ = {isa = PBXFileReference; lastKnownFileType = sourcecode.swift; path = 1277.swift; sourceTree = "<group>"; };
		442381792B737DFA008A0CCD /* 3052.swift */ = {isa = PBXFileReference; lastKnownFileType = sourcecode.swift; path = 3052.swift; sourceTree = "<group>"; };
		443F2F312B0E47CE004294F5 /* 1789.swift */ = {isa = PBXFileReference; lastKnownFileType = sourcecode.swift; path = 1789.swift; sourceTree = "<group>"; };
		443F2F332B0E4E78004294F5 /* 2512.swift */ = {isa = PBXFileReference; lastKnownFileType = sourcecode.swift; path = 2512.swift; sourceTree = "<group>"; };
		443F2F352B0E5C65004294F5 /* 1654.swift */ = {isa = PBXFileReference; lastKnownFileType = sourcecode.swift; path = 1654.swift; sourceTree = "<group>"; };
		444544A82ABB0DE20073F4F4 /* 1697.swift */ = {isa = PBXFileReference; lastKnownFileType = sourcecode.swift; path = 1697.swift; sourceTree = "<group>"; };
		444544AA2ABB4D780073F4F4 /* 18942.swift */ = {isa = PBXFileReference; lastKnownFileType = sourcecode.swift; path = 18942.swift; sourceTree = "<group>"; };
		444544AC2ABDF4950073F4F4 /* 2606.swift */ = {isa = PBXFileReference; lastKnownFileType = sourcecode.swift; path = 2606.swift; sourceTree = "<group>"; };
		444544AE2ABDFA7C0073F4F4 /* 17086.swift */ = {isa = PBXFileReference; lastKnownFileType = sourcecode.swift; path = 17086.swift; sourceTree = "<group>"; };
		444544B02ABF4FAE0073F4F4 /* 17086 - 안전거리의 정의.png */ = {isa = PBXFileReference; lastKnownFileType = image.png; path = "17086 - 안전거리의 정의.png"; sourceTree = "<group>"; };
		444E6A5B2AEFFDBD00AEC703 /* 2748.swift */ = {isa = PBXFileReference; lastKnownFileType = sourcecode.swift; path = 2748.swift; sourceTree = "<group>"; };
		444E6A5F2AF1599100AEC703 /* 9095.swift */ = {isa = PBXFileReference; lastKnownFileType = sourcecode.swift; path = 9095.swift; sourceTree = "<group>"; };
		4466D3D42B6FCCEE00E1753B /* 1330.swift */ = {isa = PBXFileReference; lastKnownFileType = sourcecode.swift; path = 1330.swift; sourceTree = "<group>"; };
		4466D3D62B6FCD1100E1753B /* 9498.swift */ = {isa = PBXFileReference; lastKnownFileType = sourcecode.swift; path = 9498.swift; sourceTree = "<group>"; };
		4466D3D82B6FCD5E00E1753B /* 2753.swift */ = {isa = PBXFileReference; lastKnownFileType = sourcecode.swift; path = 2753.swift; sourceTree = "<group>"; };
		4466D3DA2B6FCD8000E1753B /* 14681.swift */ = {isa = PBXFileReference; lastKnownFileType = sourcecode.swift; path = 14681.swift; sourceTree = "<group>"; };
		4466D3DC2B6FCDA200E1753B /* 2884.swift */ = {isa = PBXFileReference; lastKnownFileType = sourcecode.swift; path = 2884.swift; sourceTree = "<group>"; };
		4466D3DE2B6FCE3D00E1753B /* 2480.swift */ = {isa = PBXFileReference; lastKnownFileType = sourcecode.swift; path = 2480.swift; sourceTree = "<group>"; };
		4466D3E22B6FD84200E1753B /* 2525.swift */ = {isa = PBXFileReference; fileEncoding = 4; lastKnownFileType = sourcecode.swift; path = 2525.swift; sourceTree = "<group>"; };
		446E1A052B73581600881921 /* 10807.swift */ = {isa = PBXFileReference; lastKnownFileType = sourcecode.swift; path = 10807.swift; sourceTree = "<group>"; };
		446E1A072B73581E00881921 /* 10871.swift */ = {isa = PBXFileReference; lastKnownFileType = sourcecode.swift; path = 10871.swift; sourceTree = "<group>"; };
		446E1A092B73582600881921 /* 10818.swift */ = {isa = PBXFileReference; lastKnownFileType = sourcecode.swift; path = 10818.swift; sourceTree = "<group>"; };
		446E1A0B2B73582E00881921 /* 2562.swift */ = {isa = PBXFileReference; lastKnownFileType = sourcecode.swift; path = 2562.swift; sourceTree = "<group>"; };
		446E1A0D2B73583600881921 /* 10810.swift */ = {isa = PBXFileReference; lastKnownFileType = sourcecode.swift; path = 10810.swift; sourceTree = "<group>"; };
		446E1A0F2B735B7400881921 /* 10813.swift */ = {isa = PBXFileReference; lastKnownFileType = sourcecode.swift; path = 10813.swift; sourceTree = "<group>"; };
		446E1A112B735DE000881921 /* 5597.swift */ = {isa = PBXFileReference; lastKnownFileType = sourcecode.swift; path = 5597.swift; sourceTree = "<group>"; };
		446E1A132B7365A300881921 /* 1546.swift */ = {isa = PBXFileReference; lastKnownFileType = sourcecode.swift; path = 1546.swift; sourceTree = "<group>"; };
		446E1A152B73685D00881921 /* 10811.swift */ = {isa = PBXFileReference; lastKnownFileType = sourcecode.swift; path = 10811.swift; sourceTree = "<group>"; };
		447011CA2B76793D00616ED5 /* 25803.swift */ = {isa = PBXFileReference; lastKnownFileType = sourcecode.swift; path = 25803.swift; sourceTree = "<group>"; };
		447011CC2B767A0300616ED5 /* 3003.swift */ = {isa = PBXFileReference; lastKnownFileType = sourcecode.swift; path = 3003.swift; sourceTree = "<group>"; };
		447011CE2B767D6700616ED5 /* 2444.swift */ = {isa = PBXFileReference; lastKnownFileType = sourcecode.swift; path = 2444.swift; sourceTree = "<group>"; };
		447011D02B7687C200616ED5 /* 10988.swift */ = {isa = PBXFileReference; lastKnownFileType = sourcecode.swift; path = 10988.swift; sourceTree = "<group>"; };
		449528412AF28D730012A0C3 /* 1912.swift */ = {isa = PBXFileReference; lastKnownFileType = sourcecode.swift; path = 1912.swift; sourceTree = "<group>"; };
		449F7A902B050A85003425AF /* 10844.swift */ = {isa = PBXFileReference; lastKnownFileType = sourcecode.swift; path = 10844.swift; sourceTree = "<group>"; };
		449F7A922B0517FF003425AF /* 15486.swift */ = {isa = PBXFileReference; lastKnownFileType = sourcecode.swift; path = 15486.swift; sourceTree = "<group>"; };
		449F7A942B0523F5003425AF /* 9465.swift */ = {isa = PBXFileReference; lastKnownFileType = sourcecode.swift; path = 9465.swift; sourceTree = "<group>"; };
		44BBEAA22B75287A0086F90A /* 2675.swift */ = {isa = PBXFileReference; lastKnownFileType = sourcecode.swift; path = 2675.swift; sourceTree = "<group>"; };
		44BBEAA42B752C190086F90A /* 5622.swift */ = {isa = PBXFileReference; lastKnownFileType = sourcecode.swift; path = 5622.swift; sourceTree = "<group>"; };
		44BBEAA72B7537350086F90A /* 2908.swift */ = {isa = PBXFileReference; lastKnownFileType = sourcecode.swift; path = 2908.swift; sourceTree = "<group>"; };
		44BBEAA92B75DE3E0086F90A /* 27866.swift */ = {isa = PBXFileReference; lastKnownFileType = sourcecode.swift; path = 27866.swift; sourceTree = "<group>"; };
		44BBEAAB2B75DE480086F90A /* 2743.swift */ = {isa = PBXFileReference; lastKnownFileType = sourcecode.swift; path = 2743.swift; sourceTree = "<group>"; };
		44BBEAAD2B75DE4F0086F90A /* 9086.swift */ = {isa = PBXFileReference; lastKnownFileType = sourcecode.swift; path = 9086.swift; sourceTree = "<group>"; };
		44BBEAAF2B75DE580086F90A /* 11654.swift */ = {isa = PBXFileReference; lastKnownFileType = sourcecode.swift; path = 11654.swift; sourceTree = "<group>"; };
		44BBEAB12B75DE5F0086F90A /* 11720.swift */ = {isa = PBXFileReference; lastKnownFileType = sourcecode.swift; path = 11720.swift; sourceTree = "<group>"; };
		44BBEAB32B75DE660086F90A /* 10809.swift */ = {isa = PBXFileReference; lastKnownFileType = sourcecode.swift; path = 10809.swift; sourceTree = "<group>"; };
		44BBEAB52B75DE770086F90A /* 1152.swift */ = {isa = PBXFileReference; lastKnownFileType = sourcecode.swift; path = 1152.swift; sourceTree = "<group>"; };
		44BBEAB72B75DE8A0086F90A /* 11718.swift */ = {isa = PBXFileReference; lastKnownFileType = sourcecode.swift; path = 11718.swift; sourceTree = "<group>"; };
		44C0C33F2A8DF5880072A0B8 /* AlgorithmTest-ReadLine */ = {isa = PBXFileReference; explicitFileType = "compiled.mach-o.executable"; includeInIndex = 0; path = "AlgorithmTest-ReadLine"; sourceTree = BUILT_PRODUCTS_DIR; };
		44C0C3422A8DF5880072A0B8 /* main.swift */ = {isa = PBXFileReference; lastKnownFileType = sourcecode.swift; path = main.swift; sourceTree = "<group>"; };
		44C0C34A2A8DF64B0072A0B8 /* 2798.swift */ = {isa = PBXFileReference; lastKnownFileType = sourcecode.swift; path = 2798.swift; sourceTree = "<group>"; };
		44C0C34C2A8DF6940072A0B8 /* README.md */ = {isa = PBXFileReference; lastKnownFileType = net.daringfireball.markdown; path = README.md; sourceTree = "<group>"; };
		44C0C39B2B7693470071C84F /* 1157.swift */ = {isa = PBXFileReference; lastKnownFileType = sourcecode.swift; path = 1157.swift; sourceTree = "<group>"; };
		44C0C39D2B7695D10071C84F /* 2941.swift */ = {isa = PBXFileReference; lastKnownFileType = sourcecode.swift; path = 2941.swift; sourceTree = "<group>"; };
		44C0C39F2B7695DB0071C84F /* 1316.swift */ = {isa = PBXFileReference; lastKnownFileType = sourcecode.swift; path = 1316.swift; sourceTree = "<group>"; };
		44C0C3A12B7695E30071C84F /* 25206.swift */ = {isa = PBXFileReference; lastKnownFileType = sourcecode.swift; path = 25206.swift; sourceTree = "<group>"; };
		44DE2C3F2AB5E950000464E9 /* 18108.swift */ = {isa = PBXFileReference; lastKnownFileType = sourcecode.swift; path = 18108.swift; sourceTree = "<group>"; };
		44E1358E2AB7466500ACC79F /* 1260.swift */ = {isa = PBXFileReference; lastKnownFileType = sourcecode.swift; path = 1260.swift; sourceTree = "<group>"; };
		44E135912AB86A8700ACC79F /* DFS_BFS.swift */ = {isa = PBXFileReference; lastKnownFileType = sourcecode.swift; path = DFS_BFS.swift; sourceTree = "<group>"; };
		44E135F52ABA04A100ACC79F /* 1012.swift */ = {isa = PBXFileReference; lastKnownFileType = sourcecode.swift; path = 1012.swift; sourceTree = "<group>"; };
		44E236FB2B7145CE00E40AF3 /* 15552.swift */ = {isa = PBXFileReference; lastKnownFileType = sourcecode.swift; path = 15552.swift; sourceTree = "<group>"; };
		44E236FD2B714C1B00E40AF3 /* 11021.swift */ = {isa = PBXFileReference; lastKnownFileType = sourcecode.swift; path = 11021.swift; sourceTree = "<group>"; };
		44E236FF2B71F6DE00E40AF3 /* 2739.swift */ = {isa = PBXFileReference; lastKnownFileType = sourcecode.swift; path = 2739.swift; sourceTree = "<group>"; };
		44E237012B71F70000E40AF3 /* 10950.swift */ = {isa = PBXFileReference; lastKnownFileType = sourcecode.swift; path = 10950.swift; sourceTree = "<group>"; };
		44E237032B71F72F00E40AF3 /* 8393.swift */ = {isa = PBXFileReference; lastKnownFileType = sourcecode.swift; path = 8393.swift; sourceTree = "<group>"; };
		44E237052B71F74900E40AF3 /* 25304.swift */ = {isa = PBXFileReference; lastKnownFileType = sourcecode.swift; path = 25304.swift; sourceTree = "<group>"; };
		44E237072B71F75500E40AF3 /* 25314.swift */ = {isa = PBXFileReference; lastKnownFileType = sourcecode.swift; path = 25314.swift; sourceTree = "<group>"; };
		44E237092B71F76900E40AF3 /* 11022.swift */ = {isa = PBXFileReference; lastKnownFileType = sourcecode.swift; path = 11022.swift; sourceTree = "<group>"; };
		44E2370B2B71F77200E40AF3 /* 2438.swift */ = {isa = PBXFileReference; lastKnownFileType = sourcecode.swift; path = 2438.swift; sourceTree = "<group>"; };
		44E2370D2B71F77800E40AF3 /* 2439.swift */ = {isa = PBXFileReference; lastKnownFileType = sourcecode.swift; path = 2439.swift; sourceTree = "<group>"; };
		44E2370F2B71F77F00E40AF3 /* 10952.swift */ = {isa = PBXFileReference; lastKnownFileType = sourcecode.swift; path = 10952.swift; sourceTree = "<group>"; };
		44E237112B71F78600E40AF3 /* 10951.swift */ = {isa = PBXFileReference; lastKnownFileType = sourcecode.swift; path = 10951.swift; sourceTree = "<group>"; };
		44E237132B71FA4100E40AF3 /* .gitattributes */ = {isa = PBXFileReference; lastKnownFileType = text; path = .gitattributes; sourceTree = "<group>"; };
		44F30BEF2AE9738E00B67014 /* 11399.swift */ = {isa = PBXFileReference; lastKnownFileType = sourcecode.swift; path = 11399.swift; sourceTree = "<group>"; };
		44F30BF12AE979D100B67014 /* 1541.swift */ = {isa = PBXFileReference; lastKnownFileType = sourcecode.swift; path = 1541.swift; sourceTree = "<group>"; };
		44F5A9CB2B78C52100C1285D /* 2738.swift */ = {isa = PBXFileReference; lastKnownFileType = sourcecode.swift; path = 2738.swift; sourceTree = "<group>"; };
		44F5A9CD2B78C8FA00C1285D /* 2566.swift */ = {isa = PBXFileReference; lastKnownFileType = sourcecode.swift; path = 2566.swift; sourceTree = "<group>"; };
		44F5A9CF2B78CD9600C1285D /* 10798.swift */ = {isa = PBXFileReference; lastKnownFileType = sourcecode.swift; path = 10798.swift; sourceTree = "<group>"; };
		44F5A9D12B78D4F800C1285D /* 2563.swift */ = {isa = PBXFileReference; lastKnownFileType = sourcecode.swift; path = 2563.swift; sourceTree = "<group>"; };
		44F8B7752B59259E00770924 /* 17609.swift */ = {isa = PBXFileReference; lastKnownFileType = sourcecode.swift; path = 17609.swift; sourceTree = "<group>"; };
		44F8B7772B5978A000770924 /* 11501.swift */ = {isa = PBXFileReference; lastKnownFileType = sourcecode.swift; path = 11501.swift; sourceTree = "<group>"; };
/* End PBXFileReference section */

/* Begin PBXFrameworksBuildPhase section */
		44C0C33C2A8DF5880072A0B8 /* Frameworks */ = {
			isa = PBXFrameworksBuildPhase;
			buildActionMask = 2147483647;
			files = (
			);
			runOnlyForDeploymentPostprocessing = 0;
		};
/* End PBXFrameworksBuildPhase section */

/* Begin PBXGroup section */
		4466D3D32B6FCCC100E1753B /* 조건문 */ = {
			isa = PBXGroup;
			children = (
				4466D3D42B6FCCEE00E1753B /* 1330.swift */,
				4466D3D62B6FCD1100E1753B /* 9498.swift */,
				4466D3D82B6FCD5E00E1753B /* 2753.swift */,
				4466D3DA2B6FCD8000E1753B /* 14681.swift */,
				4466D3DC2B6FCDA200E1753B /* 2884.swift */,
				4466D3E22B6FD84200E1753B /* 2525.swift */,
				4466D3DE2B6FCE3D00E1753B /* 2480.swift */,
			);
			name = "조건문";
			path = "비교";
			sourceTree = "<group>";
		};
		446E1A042B73580500881921 /* 1차원배열 */ = {
			isa = PBXGroup;
			children = (
				446E1A052B73581600881921 /* 10807.swift */,
				446E1A072B73581E00881921 /* 10871.swift */,
				446E1A092B73582600881921 /* 10818.swift */,
				446E1A0B2B73582E00881921 /* 2562.swift */,
				446E1A0D2B73583600881921 /* 10810.swift */,
				446E1A0F2B735B7400881921 /* 10813.swift */,
				446E1A112B735DE000881921 /* 5597.swift */,
				442381792B737DFA008A0CCD /* 3052.swift */,
				446E1A152B73685D00881921 /* 10811.swift */,
				446E1A132B7365A300881921 /* 1546.swift */,
			);
			name = "1차원배열";
			path = "1차원배열";
			sourceTree = "<group>";
		};
		447011C92B76793300616ED5 /* 심화1 */ = {
			isa = PBXGroup;
			children = (
				447011CA2B76793D00616ED5 /* 25803.swift */,
				447011CC2B767A0300616ED5 /* 3003.swift */,
				447011CE2B767D6700616ED5 /* 2444.swift */,
				447011D02B7687C200616ED5 /* 10988.swift */,
				44C0C39B2B7693470071C84F /* 1157.swift */,
				44C0C39D2B7695D10071C84F /* 2941.swift */,
				44C0C39F2B7695DB0071C84F /* 1316.swift */,
				44C0C3A12B7695E30071C84F /* 25206.swift */,
			);
			name = "심화1";
			path = "심화1";
			sourceTree = "<group>";
		};
		44BBEAA12B7528710086F90A /* 문자열 */ = {
			isa = PBXGroup;
			children = (
				44BBEAA92B75DE3E0086F90A /* 27866.swift */,
				44BBEAAB2B75DE480086F90A /* 2743.swift */,
				44BBEAAD2B75DE4F0086F90A /* 9086.swift */,
				44BBEAAF2B75DE580086F90A /* 11654.swift */,
				44BBEAB12B75DE5F0086F90A /* 11720.swift */,
				44BBEAB32B75DE660086F90A /* 10809.swift */,
				44BBEAA22B75287A0086F90A /* 2675.swift */,
				44BBEAB52B75DE770086F90A /* 1152.swift */,
				44BBEAA72B7537350086F90A /* 2908.swift */,
				44BBEAA42B752C190086F90A /* 5622.swift */,
				44BBEAB72B75DE8A0086F90A /* 11718.swift */,
			);
			name = "문자열";
			path = "문자열";
			sourceTree = "<group>";
		};
		44C0C3362A8DF5880072A0B8 = {
			isa = PBXGroup;
			children = (
				44E237132B71FA4100E40AF3 /* .gitattributes */,
				44C0C34C2A8DF6940072A0B8 /* README.md */,
				44C0C3412A8DF5880072A0B8 /* AlgorithmTest-ReadLine */,
				44C0C3402A8DF5880072A0B8 /* Products */,
			);
			sourceTree = "<group>";
		};
		44C0C3402A8DF5880072A0B8 /* Products */ = {
			isa = PBXGroup;
			children = (
				44C0C33F2A8DF5880072A0B8 /* AlgorithmTest-ReadLine */,
			);
			name = Products;
			sourceTree = "<group>";
		};
		44C0C3412A8DF5880072A0B8 /* AlgorithmTest-ReadLine */ = {
			isa = PBXGroup;
			children = (
				44C0C3422A8DF5880072A0B8 /* main.swift */,
				44E135902AB86A3800ACC79F /* Common */,
				44C0C3492A8DF61F0072A0B8 /* Question */,
			);
			path = "AlgorithmTest-ReadLine";
			sourceTree = "<group>";
		};
		44C0C3492A8DF61F0072A0B8 /* Question */ = {
			isa = PBXGroup;
			children = (
				44F5A9CA2B78C50900C1285D /* 2차원배열 */,
				447011C92B76793300616ED5 /* 심화1 */,
				44BBEAA12B7528710086F90A /* 문자열 */,
				446E1A042B73580500881921 /* 1차원배열 */,
				44E236FA2B71459D00E40AF3 /* 반복문 */,
				4466D3D32B6FCCC100E1753B /* 조건문 */,
				44C0C34A2A8DF64B0072A0B8 /* 2798.swift */,
				44DE2C3F2AB5E950000464E9 /* 18108.swift */,
				44E1358E2AB7466500ACC79F /* 1260.swift */,
				44E135F52ABA04A100ACC79F /* 1012.swift */,
				444544A82ABB0DE20073F4F4 /* 1697.swift */,
				444544AA2ABB4D780073F4F4 /* 18942.swift */,
				444544AC2ABDF4950073F4F4 /* 2606.swift */,
				444544AE2ABDFA7C0073F4F4 /* 17086.swift */,
				444544B02ABF4FAE0073F4F4 /* 17086 - 안전거리의 정의.png */,
				44F30BEF2AE9738E00B67014 /* 11399.swift */,
				44F30BF12AE979D100B67014 /* 1541.swift */,
				444E6A5B2AEFFDBD00AEC703 /* 2748.swift */,
				444E6A5F2AF1599100AEC703 /* 9095.swift */,
				449528412AF28D730012A0C3 /* 1912.swift */,
				449F7A902B050A85003425AF /* 10844.swift */,
				449F7A922B0517FF003425AF /* 15486.swift */,
				449F7A942B0523F5003425AF /* 9465.swift */,
				443F2F312B0E47CE004294F5 /* 1789.swift */,
				443F2F332B0E4E78004294F5 /* 2512.swift */,
				443F2F352B0E5C65004294F5 /* 1654.swift */,
				440928162B2F4CCF002EAB0D /* 18352.swift */,
				440928182B305988002EAB0D /* 1753.swift */,
				4409281E2B306AAB002EAB0D /* 1277.swift */,
				44F8B7752B59259E00770924 /* 17609.swift */,
				44F8B7772B5978A000770924 /* 11501.swift */,
			);
			path = Question;
			sourceTree = "<group>";
		};
		44E135902AB86A3800ACC79F /* Common */ = {
			isa = PBXGroup;
			children = (
				44E135912AB86A8700ACC79F /* DFS_BFS.swift */,
				4409281A2B305FF2002EAB0D /* Heap.swift */,
				4409281C2B3061D6002EAB0D /* PriorityQueue.swift */,
			);
			path = Common;
			sourceTree = "<group>";
		};
		44E236FA2B71459D00E40AF3 /* 반복문 */ = {
			isa = PBXGroup;
			children = (
				44E236FF2B71F6DE00E40AF3 /* 2739.swift */,
				44E237012B71F70000E40AF3 /* 10950.swift */,
				44E237032B71F72F00E40AF3 /* 8393.swift */,
				44E237052B71F74900E40AF3 /* 25304.swift */,
				44E237072B71F75500E40AF3 /* 25314.swift */,
				44E236FB2B7145CE00E40AF3 /* 15552.swift */,
				44E236FD2B714C1B00E40AF3 /* 11021.swift */,
				44E237092B71F76900E40AF3 /* 11022.swift */,
				44E2370B2B71F77200E40AF3 /* 2438.swift */,
				44E2370D2B71F77800E40AF3 /* 2439.swift */,
				44E2370F2B71F77F00E40AF3 /* 10952.swift */,
				44E237112B71F78600E40AF3 /* 10951.swift */,
			);
			name = "반복문";
			path = "반복문";
			sourceTree = "<group>";
		};
		44F5A9CA2B78C50900C1285D /* 2차원배열 */ = {
			isa = PBXGroup;
			children = (
				44F5A9CB2B78C52100C1285D /* 2738.swift */,
				44F5A9CD2B78C8FA00C1285D /* 2566.swift */,
				44F5A9CF2B78CD9600C1285D /* 10798.swift */,
				44F5A9D12B78D4F800C1285D /* 2563.swift */,
			);
			name = "2차원배열";
			path = "2차원배열";
			sourceTree = "<group>";
		};
/* End PBXGroup section */

/* Begin PBXNativeTarget section */
		44C0C33E2A8DF5880072A0B8 /* AlgorithmTest-ReadLine */ = {
			isa = PBXNativeTarget;
			buildConfigurationList = 44C0C3462A8DF5880072A0B8 /* Build configuration list for PBXNativeTarget "AlgorithmTest-ReadLine" */;
			buildPhases = (
				44C0C33B2A8DF5880072A0B8 /* Sources */,
				44C0C33C2A8DF5880072A0B8 /* Frameworks */,
				44C0C33D2A8DF5880072A0B8 /* CopyFiles */,
			);
			buildRules = (
			);
			dependencies = (
			);
			name = "AlgorithmTest-ReadLine";
			productName = "AlgorithmTest-ReadLine";
			productReference = 44C0C33F2A8DF5880072A0B8 /* AlgorithmTest-ReadLine */;
			productType = "com.apple.product-type.tool";
		};
/* End PBXNativeTarget section */

/* Begin PBXProject section */
		44C0C3372A8DF5880072A0B8 /* Project object */ = {
			isa = PBXProject;
			attributes = {
				BuildIndependentTargetsInParallel = 1;
				LastSwiftUpdateCheck = 1430;
				LastUpgradeCheck = 1520;
				TargetAttributes = {
					44C0C33E2A8DF5880072A0B8 = {
						CreatedOnToolsVersion = 14.3.1;
					};
				};
			};
			buildConfigurationList = 44C0C33A2A8DF5880072A0B8 /* Build configuration list for PBXProject "AlgorithmTest-ReadLine" */;
			compatibilityVersion = "Xcode 14.0";
			developmentRegion = en;
			hasScannedForEncodings = 0;
			knownRegions = (
				en,
				Base,
			);
			mainGroup = 44C0C3362A8DF5880072A0B8;
			productRefGroup = 44C0C3402A8DF5880072A0B8 /* Products */;
			projectDirPath = "";
			projectRoot = "";
			targets = (
				44C0C33E2A8DF5880072A0B8 /* AlgorithmTest-ReadLine */,
			);
		};
/* End PBXProject section */

/* Begin PBXSourcesBuildPhase section */
		44C0C33B2A8DF5880072A0B8 /* Sources */ = {
			isa = PBXSourcesBuildPhase;
			buildActionMask = 2147483647;
			files = (
				4466D3E32B6FD84200E1753B /* 2525.swift in Sources */,
				44BBEAAE2B75DE4F0086F90A /* 9086.swift in Sources */,
				44F30BF22AE979D100B67014 /* 1541.swift in Sources */,
				446E1A082B73581E00881921 /* 10871.swift in Sources */,
				44E237002B71F6DE00E40AF3 /* 2739.swift in Sources */,
				44F5A9D22B78D4F800C1285D /* 2563.swift in Sources */,
				44C0C39E2B7695D10071C84F /* 2941.swift in Sources */,
				4466D3DD2B6FCDA200E1753B /* 2884.swift in Sources */,
				44BBEAA32B75287A0086F90A /* 2675.swift in Sources */,
				44E237122B71F78600E40AF3 /* 10951.swift in Sources */,
				444544AF2ABDFA7C0073F4F4 /* 17086.swift in Sources */,
				4409281D2B3061D6002EAB0D /* PriorityQueue.swift in Sources */,
				446E1A0E2B73583600881921 /* 10810.swift in Sources */,
				44BBEAAA2B75DE3E0086F90A /* 27866.swift in Sources */,
				44BBEAB62B75DE770086F90A /* 1152.swift in Sources */,
				44E135922AB86A8700ACC79F /* DFS_BFS.swift in Sources */,
				447011CB2B76793D00616ED5 /* 25803.swift in Sources */,
				446E1A142B7365A300881921 /* 1546.swift in Sources */,
				44E237082B71F75500E40AF3 /* 25314.swift in Sources */,
				44F5A9CC2B78C52100C1285D /* 2738.swift in Sources */,
				44C0C3A02B7695DB0071C84F /* 1316.swift in Sources */,
				44BBEAB22B75DE5F0086F90A /* 11720.swift in Sources */,
				4409281B2B305FF2002EAB0D /* Heap.swift in Sources */,
				44E237062B71F74900E40AF3 /* 25304.swift in Sources */,
				440928172B2F4CCF002EAB0D /* 18352.swift in Sources */,
				44E135F62ABA04A100ACC79F /* 1012.swift in Sources */,
				44C0C3432A8DF5880072A0B8 /* main.swift in Sources */,
				44BBEAAC2B75DE480086F90A /* 2743.swift in Sources */,
				44BBEAA52B752C190086F90A /* 5622.swift in Sources */,
				443F2F362B0E5C65004294F5 /* 1654.swift in Sources */,
				44BBEAA82B7537350086F90A /* 2908.swift in Sources */,
				446E1A0A2B73582600881921 /* 10818.swift in Sources */,
				4466D3DF2B6FCE3D00E1753B /* 2480.swift in Sources */,
				449F7A952B0523F5003425AF /* 9465.swift in Sources */,
				444544AD2ABDF4950073F4F4 /* 2606.swift in Sources */,
				446E1A122B735DE000881921 /* 5597.swift in Sources */,
				44DE2C402AB5E950000464E9 /* 18108.swift in Sources */,
				44BBEAB82B75DE8A0086F90A /* 11718.swift in Sources */,
				449F7A912B050A85003425AF /* 10844.swift in Sources */,
				446E1A102B735B7400881921 /* 10813.swift in Sources */,
				446E1A0C2B73582E00881921 /* 2562.swift in Sources */,
				447011CF2B767D6700616ED5 /* 2444.swift in Sources */,
				449F7A932B0517FF003425AF /* 15486.swift in Sources */,
				44C0C39C2B7693470071C84F /* 1157.swift in Sources */,
				44E1358F2AB7466500ACC79F /* 1260.swift in Sources */,
				446E1A062B73581600881921 /* 10807.swift in Sources */,
				4466D3DB2B6FCD8000E1753B /* 14681.swift in Sources */,
				44F5A9D02B78CD9600C1285D /* 10798.swift in Sources */,
				443F2F322B0E47CE004294F5 /* 1789.swift in Sources */,
				44C0C34B2A8DF64B0072A0B8 /* 2798.swift in Sources */,
				44BBEAB02B75DE580086F90A /* 11654.swift in Sources */,
				4423817A2B737DFA008A0CCD /* 3052.swift in Sources */,
				44F30BF02AE9738E00B67014 /* 11399.swift in Sources */,
				449528422AF28D730012A0C3 /* 1912.swift in Sources */,
				447011D12B7687C200616ED5 /* 10988.swift in Sources */,
				443F2F342B0E4E78004294F5 /* 2512.swift in Sources */,
				44E2370E2B71F77800E40AF3 /* 2439.swift in Sources */,
				44E237022B71F70000E40AF3 /* 10950.swift in Sources */,
				44E236FC2B7145CE00E40AF3 /* 15552.swift in Sources */,
				4409281F2B306AAB002EAB0D /* 1277.swift in Sources */,
				44F5A9CE2B78C8FA00C1285D /* 2566.swift in Sources */,
				4466D3D92B6FCD5E00E1753B /* 2753.swift in Sources */,
				444E6A602AF1599100AEC703 /* 9095.swift in Sources */,
				4466D3D52B6FCCEE00E1753B /* 1330.swift in Sources */,
				44F8B7782B5978A000770924 /* 11501.swift in Sources */,
				444544AB2ABB4D780073F4F4 /* 18942.swift in Sources */,
				447011CD2B767A0300616ED5 /* 3003.swift in Sources */,
				444E6A5C2AEFFDBD00AEC703 /* 2748.swift in Sources */,
				44E237102B71F77F00E40AF3 /* 10952.swift in Sources */,
				44F8B7762B59259E00770924 /* 17609.swift in Sources */,
				444544A92ABB0DE20073F4F4 /* 1697.swift in Sources */,
				44BBEAB42B75DE660086F90A /* 10809.swift in Sources */,
				446E1A162B73685D00881921 /* 10811.swift in Sources */,
				44C0C3A22B7695E30071C84F /* 25206.swift in Sources */,
				44E2370C2B71F77200E40AF3 /* 2438.swift in Sources */,
				44E237042B71F72F00E40AF3 /* 8393.swift in Sources */,
				44E2370A2B71F76900E40AF3 /* 11022.swift in Sources */,
				44E236FE2B714C1B00E40AF3 /* 11021.swift in Sources */,
				440928192B305988002EAB0D /* 1753.swift in Sources */,
				4466D3D72B6FCD1100E1753B /* 9498.swift in Sources */,
			);
			runOnlyForDeploymentPostprocessing = 0;
		};
/* End PBXSourcesBuildPhase section */

/* Begin XCBuildConfiguration section */
		44C0C3442A8DF5880072A0B8 /* Debug */ = {
			isa = XCBuildConfiguration;
			buildSettings = {
				ALWAYS_SEARCH_USER_PATHS = NO;
				ASSETCATALOG_COMPILER_GENERATE_SWIFT_ASSET_SYMBOL_EXTENSIONS = YES;
				CLANG_ANALYZER_NONNULL = YES;
				CLANG_ANALYZER_NUMBER_OBJECT_CONVERSION = YES_AGGRESSIVE;
				CLANG_CXX_LANGUAGE_STANDARD = "gnu++20";
				CLANG_ENABLE_MODULES = YES;
				CLANG_ENABLE_OBJC_ARC = YES;
				CLANG_ENABLE_OBJC_WEAK = YES;
				CLANG_WARN_BLOCK_CAPTURE_AUTORELEASING = YES;
				CLANG_WARN_BOOL_CONVERSION = YES;
				CLANG_WARN_COMMA = YES;
				CLANG_WARN_CONSTANT_CONVERSION = YES;
				CLANG_WARN_DEPRECATED_OBJC_IMPLEMENTATIONS = YES;
				CLANG_WARN_DIRECT_OBJC_ISA_USAGE = YES_ERROR;
				CLANG_WARN_DOCUMENTATION_COMMENTS = YES;
				CLANG_WARN_EMPTY_BODY = YES;
				CLANG_WARN_ENUM_CONVERSION = YES;
				CLANG_WARN_INFINITE_RECURSION = YES;
				CLANG_WARN_INT_CONVERSION = YES;
				CLANG_WARN_NON_LITERAL_NULL_CONVERSION = YES;
				CLANG_WARN_OBJC_IMPLICIT_RETAIN_SELF = YES;
				CLANG_WARN_OBJC_LITERAL_CONVERSION = YES;
				CLANG_WARN_OBJC_ROOT_CLASS = YES_ERROR;
				CLANG_WARN_QUOTED_INCLUDE_IN_FRAMEWORK_HEADER = YES;
				CLANG_WARN_RANGE_LOOP_ANALYSIS = YES;
				CLANG_WARN_STRICT_PROTOTYPES = YES;
				CLANG_WARN_SUSPICIOUS_MOVE = YES;
				CLANG_WARN_UNGUARDED_AVAILABILITY = YES_AGGRESSIVE;
				CLANG_WARN_UNREACHABLE_CODE = YES;
				CLANG_WARN__DUPLICATE_METHOD_MATCH = YES;
				COPY_PHASE_STRIP = NO;
				DEAD_CODE_STRIPPING = YES;
				DEBUG_INFORMATION_FORMAT = dwarf;
				ENABLE_STRICT_OBJC_MSGSEND = YES;
				ENABLE_TESTABILITY = YES;
				ENABLE_USER_SCRIPT_SANDBOXING = YES;
				GCC_C_LANGUAGE_STANDARD = gnu11;
				GCC_DYNAMIC_NO_PIC = NO;
				GCC_NO_COMMON_BLOCKS = YES;
				GCC_OPTIMIZATION_LEVEL = 0;
				GCC_PREPROCESSOR_DEFINITIONS = (
					"DEBUG=1",
					"$(inherited)",
				);
				GCC_WARN_64_TO_32_BIT_CONVERSION = YES;
				GCC_WARN_ABOUT_RETURN_TYPE = YES_ERROR;
				GCC_WARN_UNDECLARED_SELECTOR = YES;
				GCC_WARN_UNINITIALIZED_AUTOS = YES_AGGRESSIVE;
				GCC_WARN_UNUSED_FUNCTION = YES;
				GCC_WARN_UNUSED_VARIABLE = YES;
				MACOSX_DEPLOYMENT_TARGET = 13.0;
				MTL_ENABLE_DEBUG_INFO = INCLUDE_SOURCE;
				MTL_FAST_MATH = YES;
				ONLY_ACTIVE_ARCH = YES;
				SDKROOT = macosx;
				SWIFT_ACTIVE_COMPILATION_CONDITIONS = DEBUG;
				SWIFT_OPTIMIZATION_LEVEL = "-Onone";
			};
			name = Debug;
		};
		44C0C3452A8DF5880072A0B8 /* Release */ = {
			isa = XCBuildConfiguration;
			buildSettings = {
				ALWAYS_SEARCH_USER_PATHS = NO;
				ASSETCATALOG_COMPILER_GENERATE_SWIFT_ASSET_SYMBOL_EXTENSIONS = YES;
				CLANG_ANALYZER_NONNULL = YES;
				CLANG_ANALYZER_NUMBER_OBJECT_CONVERSION = YES_AGGRESSIVE;
				CLANG_CXX_LANGUAGE_STANDARD = "gnu++20";
				CLANG_ENABLE_MODULES = YES;
				CLANG_ENABLE_OBJC_ARC = YES;
				CLANG_ENABLE_OBJC_WEAK = YES;
				CLANG_WARN_BLOCK_CAPTURE_AUTORELEASING = YES;
				CLANG_WARN_BOOL_CONVERSION = YES;
				CLANG_WARN_COMMA = YES;
				CLANG_WARN_CONSTANT_CONVERSION = YES;
				CLANG_WARN_DEPRECATED_OBJC_IMPLEMENTATIONS = YES;
				CLANG_WARN_DIRECT_OBJC_ISA_USAGE = YES_ERROR;
				CLANG_WARN_DOCUMENTATION_COMMENTS = YES;
				CLANG_WARN_EMPTY_BODY = YES;
				CLANG_WARN_ENUM_CONVERSION = YES;
				CLANG_WARN_INFINITE_RECURSION = YES;
				CLANG_WARN_INT_CONVERSION = YES;
				CLANG_WARN_NON_LITERAL_NULL_CONVERSION = YES;
				CLANG_WARN_OBJC_IMPLICIT_RETAIN_SELF = YES;
				CLANG_WARN_OBJC_LITERAL_CONVERSION = YES;
				CLANG_WARN_OBJC_ROOT_CLASS = YES_ERROR;
				CLANG_WARN_QUOTED_INCLUDE_IN_FRAMEWORK_HEADER = YES;
				CLANG_WARN_RANGE_LOOP_ANALYSIS = YES;
				CLANG_WARN_STRICT_PROTOTYPES = YES;
				CLANG_WARN_SUSPICIOUS_MOVE = YES;
				CLANG_WARN_UNGUARDED_AVAILABILITY = YES_AGGRESSIVE;
				CLANG_WARN_UNREACHABLE_CODE = YES;
				CLANG_WARN__DUPLICATE_METHOD_MATCH = YES;
				COPY_PHASE_STRIP = NO;
				DEAD_CODE_STRIPPING = YES;
				DEBUG_INFORMATION_FORMAT = "dwarf-with-dsym";
				ENABLE_NS_ASSERTIONS = NO;
				ENABLE_STRICT_OBJC_MSGSEND = YES;
				ENABLE_USER_SCRIPT_SANDBOXING = YES;
				GCC_C_LANGUAGE_STANDARD = gnu11;
				GCC_NO_COMMON_BLOCKS = YES;
				GCC_WARN_64_TO_32_BIT_CONVERSION = YES;
				GCC_WARN_ABOUT_RETURN_TYPE = YES_ERROR;
				GCC_WARN_UNDECLARED_SELECTOR = YES;
				GCC_WARN_UNINITIALIZED_AUTOS = YES_AGGRESSIVE;
				GCC_WARN_UNUSED_FUNCTION = YES;
				GCC_WARN_UNUSED_VARIABLE = YES;
				MACOSX_DEPLOYMENT_TARGET = 13.0;
				MTL_ENABLE_DEBUG_INFO = NO;
				MTL_FAST_MATH = YES;
				SDKROOT = macosx;
				SWIFT_COMPILATION_MODE = wholemodule;
				SWIFT_OPTIMIZATION_LEVEL = "-O";
			};
			name = Release;
		};
		44C0C3472A8DF5880072A0B8 /* Debug */ = {
			isa = XCBuildConfiguration;
			buildSettings = {
				CODE_SIGN_STYLE = Automatic;
				DEAD_CODE_STRIPPING = YES;
				DEVELOPMENT_TEAM = 6S2SA26VAN;
				ENABLE_HARDENED_RUNTIME = YES;
				PRODUCT_NAME = "$(TARGET_NAME)";
				SWIFT_VERSION = 5.0;
			};
			name = Debug;
		};
		44C0C3482A8DF5880072A0B8 /* Release */ = {
			isa = XCBuildConfiguration;
			buildSettings = {
				CODE_SIGN_STYLE = Automatic;
				DEAD_CODE_STRIPPING = YES;
				DEVELOPMENT_TEAM = 6S2SA26VAN;
				ENABLE_HARDENED_RUNTIME = YES;
				PRODUCT_NAME = "$(TARGET_NAME)";
				SWIFT_VERSION = 5.0;
			};
			name = Release;
		};
/* End XCBuildConfiguration section */

/* Begin XCConfigurationList section */
		44C0C33A2A8DF5880072A0B8 /* Build configuration list for PBXProject "AlgorithmTest-ReadLine" */ = {
			isa = XCConfigurationList;
			buildConfigurations = (
				44C0C3442A8DF5880072A0B8 /* Debug */,
				44C0C3452A8DF5880072A0B8 /* Release */,
			);
			defaultConfigurationIsVisible = 0;
			defaultConfigurationName = Release;
		};
		44C0C3462A8DF5880072A0B8 /* Build configuration list for PBXNativeTarget "AlgorithmTest-ReadLine" */ = {
			isa = XCConfigurationList;
			buildConfigurations = (
				44C0C3472A8DF5880072A0B8 /* Debug */,
				44C0C3482A8DF5880072A0B8 /* Release */,
			);
			defaultConfigurationIsVisible = 0;
			defaultConfigurationName = Release;
		};
/* End XCConfigurationList section */
	};
	rootObject = 44C0C3372A8DF5880072A0B8 /* Project object */;
}
