// !$*UTF8*$!
{
	archiveVersion = 1;
	classes = {
	};
	objectVersion = 56;
	objects = {

/* Begin PBXBuildFile section */
		440928172B2F4CCF002EAB0D /* 18352.swift in Sources */ = {isa = PBXBuildFile; fileRef = 440928162B2F4CCF002EAB0D /* 18352.swift */; };
		443F2F322B0E47CE004294F5 /* 1789.swift in Sources */ = {isa = PBXBuildFile; fileRef = 443F2F312B0E47CE004294F5 /* 1789.swift */; };
		443F2F342B0E4E78004294F5 /* 2512.swift in Sources */ = {isa = PBXBuildFile; fileRef = 443F2F332B0E4E78004294F5 /* 2512.swift */; };
		443F2F362B0E5C65004294F5 /* 1654.swift in Sources */ = {isa = PBXBuildFile; fileRef = 443F2F352B0E5C65004294F5 /* 1654.swift */; };
		444544A92ABB0DE20073F4F4 /* 1697.swift in Sources */ = {isa = PBXBuildFile; fileRef = 444544A82ABB0DE20073F4F4 /* 1697.swift */; };
		444544AB2ABB4D780073F4F4 /* 18942.swift in Sources */ = {isa = PBXBuildFile; fileRef = 444544AA2ABB4D780073F4F4 /* 18942.swift */; };
		444544AD2ABDF4950073F4F4 /* 2606.swift in Sources */ = {isa = PBXBuildFile; fileRef = 444544AC2ABDF4950073F4F4 /* 2606.swift */; };
		444544AF2ABDFA7C0073F4F4 /* 17086.swift in Sources */ = {isa = PBXBuildFile; fileRef = 444544AE2ABDFA7C0073F4F4 /* 17086.swift */; };
		444E6A5C2AEFFDBD00AEC703 /* 2748.swift in Sources */ = {isa = PBXBuildFile; fileRef = 444E6A5B2AEFFDBD00AEC703 /* 2748.swift */; };
		444E6A602AF1599100AEC703 /* 9095.swift in Sources */ = {isa = PBXBuildFile; fileRef = 444E6A5F2AF1599100AEC703 /* 9095.swift */; };
		449528422AF28D730012A0C3 /* 1912.swift in Sources */ = {isa = PBXBuildFile; fileRef = 449528412AF28D730012A0C3 /* 1912.swift */; };
		449F7A912B050A85003425AF /* 10844.swift in Sources */ = {isa = PBXBuildFile; fileRef = 449F7A902B050A85003425AF /* 10844.swift */; };
		449F7A932B0517FF003425AF /* 15486.swift in Sources */ = {isa = PBXBuildFile; fileRef = 449F7A922B0517FF003425AF /* 15486.swift */; };
		449F7A952B0523F5003425AF /* 9465.swift in Sources */ = {isa = PBXBuildFile; fileRef = 449F7A942B0523F5003425AF /* 9465.swift */; };
		44C0C3432A8DF5880072A0B8 /* main.swift in Sources */ = {isa = PBXBuildFile; fileRef = 44C0C3422A8DF5880072A0B8 /* main.swift */; };
		44C0C34B2A8DF64B0072A0B8 /* 2798.swift in Sources */ = {isa = PBXBuildFile; fileRef = 44C0C34A2A8DF64B0072A0B8 /* 2798.swift */; };
		44DE2C402AB5E950000464E9 /* 18108.swift in Sources */ = {isa = PBXBuildFile; fileRef = 44DE2C3F2AB5E950000464E9 /* 18108.swift */; };
		44E1358F2AB7466500ACC79F /* 1260.swift in Sources */ = {isa = PBXBuildFile; fileRef = 44E1358E2AB7466500ACC79F /* 1260.swift */; };
		44E135922AB86A8700ACC79F /* DFS_BFS.swift in Sources */ = {isa = PBXBuildFile; fileRef = 44E135912AB86A8700ACC79F /* DFS_BFS.swift */; };
		44E135F62ABA04A100ACC79F /* 1012.swift in Sources */ = {isa = PBXBuildFile; fileRef = 44E135F52ABA04A100ACC79F /* 1012.swift */; };
		44F30BF02AE9738E00B67014 /* 11399.swift in Sources */ = {isa = PBXBuildFile; fileRef = 44F30BEF2AE9738E00B67014 /* 11399.swift */; };
		44F30BF22AE979D100B67014 /* 1541.swift in Sources */ = {isa = PBXBuildFile; fileRef = 44F30BF12AE979D100B67014 /* 1541.swift */; };
/* End PBXBuildFile section */

/* Begin PBXCopyFilesBuildPhase section */
		44C0C33D2A8DF5880072A0B8 /* CopyFiles */ = {
			isa = PBXCopyFilesBuildPhase;
			buildActionMask = 2147483647;
			dstPath = /usr/share/man/man1/;
			dstSubfolderSpec = 0;
			files = (
			);
			runOnlyForDeploymentPostprocessing = 1;
		};
/* End PBXCopyFilesBuildPhase section */

/* Begin PBXFileReference section */
		440928162B2F4CCF002EAB0D /* 18352.swift */ = {isa = PBXFileReference; lastKnownFileType = sourcecode.swift; path = 18352.swift; sourceTree = "<group>"; };
		443F2F312B0E47CE004294F5 /* 1789.swift */ = {isa = PBXFileReference; lastKnownFileType = sourcecode.swift; path = 1789.swift; sourceTree = "<group>"; };
		443F2F332B0E4E78004294F5 /* 2512.swift */ = {isa = PBXFileReference; lastKnownFileType = sourcecode.swift; path = 2512.swift; sourceTree = "<group>"; };
		443F2F352B0E5C65004294F5 /* 1654.swift */ = {isa = PBXFileReference; lastKnownFileType = sourcecode.swift; path = 1654.swift; sourceTree = "<group>"; };
		444544A82ABB0DE20073F4F4 /* 1697.swift */ = {isa = PBXFileReference; lastKnownFileType = sourcecode.swift; path = 1697.swift; sourceTree = "<group>"; };
		444544AA2ABB4D780073F4F4 /* 18942.swift */ = {isa = PBXFileReference; lastKnownFileType = sourcecode.swift; path = 18942.swift; sourceTree = "<group>"; };
		444544AC2ABDF4950073F4F4 /* 2606.swift */ = {isa = PBXFileReference; lastKnownFileType = sourcecode.swift; path = 2606.swift; sourceTree = "<group>"; };
		444544AE2ABDFA7C0073F4F4 /* 17086.swift */ = {isa = PBXFileReference; lastKnownFileType = sourcecode.swift; path = 17086.swift; sourceTree = "<group>"; };
		444544B02ABF4FAE0073F4F4 /* 17086 - 안전거리의 정의.png */ = {isa = PBXFileReference; lastKnownFileType = image.png; path = "17086 - 안전거리의 정의.png"; sourceTree = "<group>"; };
		444E6A5B2AEFFDBD00AEC703 /* 2748.swift */ = {isa = PBXFileReference; lastKnownFileType = sourcecode.swift; path = 2748.swift; sourceTree = "<group>"; };
		444E6A5F2AF1599100AEC703 /* 9095.swift */ = {isa = PBXFileReference; lastKnownFileType = sourcecode.swift; path = 9095.swift; sourceTree = "<group>"; };
		449528412AF28D730012A0C3 /* 1912.swift */ = {isa = PBXFileReference; lastKnownFileType = sourcecode.swift; path = 1912.swift; sourceTree = "<group>"; };
		449F7A902B050A85003425AF /* 10844.swift */ = {isa = PBXFileReference; lastKnownFileType = sourcecode.swift; path = 10844.swift; sourceTree = "<group>"; };
		449F7A922B0517FF003425AF /* 15486.swift */ = {isa = PBXFileReference; lastKnownFileType = sourcecode.swift; path = 15486.swift; sourceTree = "<group>"; };
		449F7A942B0523F5003425AF /* 9465.swift */ = {isa = PBXFileReference; lastKnownFileType = sourcecode.swift; path = 9465.swift; sourceTree = "<group>"; };
		44C0C33F2A8DF5880072A0B8 /* AlgorithmTest-ReadLine */ = {isa = PBXFileReference; explicitFileType = "compiled.mach-o.executable"; includeInIndex = 0; path = "AlgorithmTest-ReadLine"; sourceTree = BUILT_PRODUCTS_DIR; };
		44C0C3422A8DF5880072A0B8 /* main.swift */ = {isa = PBXFileReference; lastKnownFileType = sourcecode.swift; path = main.swift; sourceTree = "<group>"; };
		44C0C34A2A8DF64B0072A0B8 /* 2798.swift */ = {isa = PBXFileReference; lastKnownFileType = sourcecode.swift; path = 2798.swift; sourceTree = "<group>"; };
		44C0C34C2A8DF6940072A0B8 /* README.md */ = {isa = PBXFileReference; lastKnownFileType = net.daringfireball.markdown; path = README.md; sourceTree = "<group>"; };
		44DE2C3F2AB5E950000464E9 /* 18108.swift */ = {isa = PBXFileReference; lastKnownFileType = sourcecode.swift; path = 18108.swift; sourceTree = "<group>"; };
		44E1358E2AB7466500ACC79F /* 1260.swift */ = {isa = PBXFileReference; lastKnownFileType = sourcecode.swift; path = 1260.swift; sourceTree = "<group>"; };
		44E135912AB86A8700ACC79F /* DFS_BFS.swift */ = {isa = PBXFileReference; lastKnownFileType = sourcecode.swift; path = DFS_BFS.swift; sourceTree = "<group>"; };
		44E135F52ABA04A100ACC79F /* 1012.swift */ = {isa = PBXFileReference; lastKnownFileType = sourcecode.swift; path = 1012.swift; sourceTree = "<group>"; };
		44F30BEF2AE9738E00B67014 /* 11399.swift */ = {isa = PBXFileReference; lastKnownFileType = sourcecode.swift; path = 11399.swift; sourceTree = "<group>"; };
		44F30BF12AE979D100B67014 /* 1541.swift */ = {isa = PBXFileReference; lastKnownFileType = sourcecode.swift; path = 1541.swift; sourceTree = "<group>"; };
/* End PBXFileReference section */

/* Begin PBXFrameworksBuildPhase section */
		44C0C33C2A8DF5880072A0B8 /* Frameworks */ = {
			isa = PBXFrameworksBuildPhase;
			buildActionMask = 2147483647;
			files = (
			);
			runOnlyForDeploymentPostprocessing = 0;
		};
/* End PBXFrameworksBuildPhase section */

/* Begin PBXGroup section */
		44C0C3362A8DF5880072A0B8 = {
			isa = PBXGroup;
			children = (
				44C0C34C2A8DF6940072A0B8 /* README.md */,
				44C0C3412A8DF5880072A0B8 /* AlgorithmTest-ReadLine */,
				44C0C3402A8DF5880072A0B8 /* Products */,
			);
			sourceTree = "<group>";
		};
		44C0C3402A8DF5880072A0B8 /* Products */ = {
			isa = PBXGroup;
			children = (
				44C0C33F2A8DF5880072A0B8 /* AlgorithmTest-ReadLine */,
			);
			name = Products;
			sourceTree = "<group>";
		};
		44C0C3412A8DF5880072A0B8 /* AlgorithmTest-ReadLine */ = {
			isa = PBXGroup;
			children = (
				44E135902AB86A3800ACC79F /* Common */,
				44C0C3492A8DF61F0072A0B8 /* Question */,
				44C0C3422A8DF5880072A0B8 /* main.swift */,
			);
			path = "AlgorithmTest-ReadLine";
			sourceTree = "<group>";
		};
		44C0C3492A8DF61F0072A0B8 /* Question */ = {
			isa = PBXGroup;
			children = (
				44C0C34A2A8DF64B0072A0B8 /* 2798.swift */,
				44DE2C3F2AB5E950000464E9 /* 18108.swift */,
				44E1358E2AB7466500ACC79F /* 1260.swift */,
				44E135F52ABA04A100ACC79F /* 1012.swift */,
				444544A82ABB0DE20073F4F4 /* 1697.swift */,
				444544AA2ABB4D780073F4F4 /* 18942.swift */,
				444544AC2ABDF4950073F4F4 /* 2606.swift */,
				444544AE2ABDFA7C0073F4F4 /* 17086.swift */,
				444544B02ABF4FAE0073F4F4 /* 17086 - 안전거리의 정의.png */,
				44F30BEF2AE9738E00B67014 /* 11399.swift */,
				44F30BF12AE979D100B67014 /* 1541.swift */,
				444E6A5B2AEFFDBD00AEC703 /* 2748.swift */,
				444E6A5F2AF1599100AEC703 /* 9095.swift */,
				449528412AF28D730012A0C3 /* 1912.swift */,
				449F7A902B050A85003425AF /* 10844.swift */,
				449F7A922B0517FF003425AF /* 15486.swift */,
				449F7A942B0523F5003425AF /* 9465.swift */,
				443F2F312B0E47CE004294F5 /* 1789.swift */,
				443F2F332B0E4E78004294F5 /* 2512.swift */,
				443F2F352B0E5C65004294F5 /* 1654.swift */,
				440928162B2F4CCF002EAB0D /* 18352.swift */,
			);
			path = Question;
			sourceTree = "<group>";
		};
		44E135902AB86A3800ACC79F /* Common */ = {
			isa = PBXGroup;
			children = (
				44E135912AB86A8700ACC79F /* DFS_BFS.swift */,
			);
			path = Common;
			sourceTree = "<group>";
		};
/* End PBXGroup section */

/* Begin PBXNativeTarget section */
		44C0C33E2A8DF5880072A0B8 /* AlgorithmTest-ReadLine */ = {
			isa = PBXNativeTarget;
			buildConfigurationList = 44C0C3462A8DF5880072A0B8 /* Build configuration list for PBXNativeTarget "AlgorithmTest-ReadLine" */;
			buildPhases = (
				44C0C33B2A8DF5880072A0B8 /* Sources */,
				44C0C33C2A8DF5880072A0B8 /* Frameworks */,
				44C0C33D2A8DF5880072A0B8 /* CopyFiles */,
			);
			buildRules = (
			);
			dependencies = (
			);
			name = "AlgorithmTest-ReadLine";
			productName = "AlgorithmTest-ReadLine";
			productReference = 44C0C33F2A8DF5880072A0B8 /* AlgorithmTest-ReadLine */;
			productType = "com.apple.product-type.tool";
		};
/* End PBXNativeTarget section */

/* Begin PBXProject section */
		44C0C3372A8DF5880072A0B8 /* Project object */ = {
			isa = PBXProject;
			attributes = {
				BuildIndependentTargetsInParallel = 1;
				LastSwiftUpdateCheck = 1430;
				LastUpgradeCheck = 1500;
				TargetAttributes = {
					44C0C33E2A8DF5880072A0B8 = {
						CreatedOnToolsVersion = 14.3.1;
					};
				};
			};
			buildConfigurationList = 44C0C33A2A8DF5880072A0B8 /* Build configuration list for PBXProject "AlgorithmTest-ReadLine" */;
			compatibilityVersion = "Xcode 14.0";
			developmentRegion = en;
			hasScannedForEncodings = 0;
			knownRegions = (
				en,
				Base,
			);
			mainGroup = 44C0C3362A8DF5880072A0B8;
			productRefGroup = 44C0C3402A8DF5880072A0B8 /* Products */;
			projectDirPath = "";
			projectRoot = "";
			targets = (
				44C0C33E2A8DF5880072A0B8 /* AlgorithmTest-ReadLine */,
			);
		};
/* End PBXProject section */

/* Begin PBXSourcesBuildPhase section */
		44C0C33B2A8DF5880072A0B8 /* Sources */ = {
			isa = PBXSourcesBuildPhase;
			buildActionMask = 2147483647;
			files = (
				44F30BF22AE979D100B67014 /* 1541.swift in Sources */,
				444544AF2ABDFA7C0073F4F4 /* 17086.swift in Sources */,
				44E135922AB86A8700ACC79F /* DFS_BFS.swift in Sources */,
				440928172B2F4CCF002EAB0D /* 18352.swift in Sources */,
				44E135F62ABA04A100ACC79F /* 1012.swift in Sources */,
				44C0C3432A8DF5880072A0B8 /* main.swift in Sources */,
				443F2F362B0E5C65004294F5 /* 1654.swift in Sources */,
				449F7A952B0523F5003425AF /* 9465.swift in Sources */,
				444544AD2ABDF4950073F4F4 /* 2606.swift in Sources */,
				44DE2C402AB5E950000464E9 /* 18108.swift in Sources */,
				449F7A912B050A85003425AF /* 10844.swift in Sources */,
				449F7A932B0517FF003425AF /* 15486.swift in Sources */,
				44E1358F2AB7466500ACC79F /* 1260.swift in Sources */,
				443F2F322B0E47CE004294F5 /* 1789.swift in Sources */,
				44C0C34B2A8DF64B0072A0B8 /* 2798.swift in Sources */,
				44F30BF02AE9738E00B67014 /* 11399.swift in Sources */,
				449528422AF28D730012A0C3 /* 1912.swift in Sources */,
				443F2F342B0E4E78004294F5 /* 2512.swift in Sources */,
				444E6A602AF1599100AEC703 /* 9095.swift in Sources */,
				444544AB2ABB4D780073F4F4 /* 18942.swift in Sources */,
				444E6A5C2AEFFDBD00AEC703 /* 2748.swift in Sources */,
				444544A92ABB0DE20073F4F4 /* 1697.swift in Sources */,
			);
			runOnlyForDeploymentPostprocessing = 0;
		};
/* End PBXSourcesBuildPhase section */

/* Begin XCBuildConfiguration section */
		44C0C3442A8DF5880072A0B8 /* Debug */ = {
			isa = XCBuildConfiguration;
			buildSettings = {
				ALWAYS_SEARCH_USER_PATHS = NO;
				CLANG_ANALYZER_NONNULL = YES;
				CLANG_ANALYZER_NUMBER_OBJECT_CONVERSION = YES_AGGRESSIVE;
				CLANG_CXX_LANGUAGE_STANDARD = "gnu++20";
				CLANG_ENABLE_MODULES = YES;
				CLANG_ENABLE_OBJC_ARC = YES;
				CLANG_ENABLE_OBJC_WEAK = YES;
				CLANG_WARN_BLOCK_CAPTURE_AUTORELEASING = YES;
				CLANG_WARN_BOOL_CONVERSION = YES;
				CLANG_WARN_COMMA = YES;
				CLANG_WARN_CONSTANT_CONVERSION = YES;
				CLANG_WARN_DEPRECATED_OBJC_IMPLEMENTATIONS = YES;
				CLANG_WARN_DIRECT_OBJC_ISA_USAGE = YES_ERROR;
				CLANG_WARN_DOCUMENTATION_COMMENTS = YES;
				CLANG_WARN_EMPTY_BODY = YES;
				CLANG_WARN_ENUM_CONVERSION = YES;
				CLANG_WARN_INFINITE_RECURSION = YES;
				CLANG_WARN_INT_CONVERSION = YES;
				CLANG_WARN_NON_LITERAL_NULL_CONVERSION = YES;
				CLANG_WARN_OBJC_IMPLICIT_RETAIN_SELF = YES;
				CLANG_WARN_OBJC_LITERAL_CONVERSION = YES;
				CLANG_WARN_OBJC_ROOT_CLASS = YES_ERROR;
				CLANG_WARN_QUOTED_INCLUDE_IN_FRAMEWORK_HEADER = YES;
				CLANG_WARN_RANGE_LOOP_ANALYSIS = YES;
				CLANG_WARN_STRICT_PROTOTYPES = YES;
				CLANG_WARN_SUSPICIOUS_MOVE = YES;
				CLANG_WARN_UNGUARDED_AVAILABILITY = YES_AGGRESSIVE;
				CLANG_WARN_UNREACHABLE_CODE = YES;
				CLANG_WARN__DUPLICATE_METHOD_MATCH = YES;
				COPY_PHASE_STRIP = NO;
				DEAD_CODE_STRIPPING = YES;
				DEBUG_INFORMATION_FORMAT = dwarf;
				ENABLE_STRICT_OBJC_MSGSEND = YES;
				ENABLE_TESTABILITY = YES;
				ENABLE_USER_SCRIPT_SANDBOXING = YES;
				GCC_C_LANGUAGE_STANDARD = gnu11;
				GCC_DYNAMIC_NO_PIC = NO;
				GCC_NO_COMMON_BLOCKS = YES;
				GCC_OPTIMIZATION_LEVEL = 0;
				GCC_PREPROCESSOR_DEFINITIONS = (
					"DEBUG=1",
					"$(inherited)",
				);
				GCC_WARN_64_TO_32_BIT_CONVERSION = YES;
				GCC_WARN_ABOUT_RETURN_TYPE = YES_ERROR;
				GCC_WARN_UNDECLARED_SELECTOR = YES;
				GCC_WARN_UNINITIALIZED_AUTOS = YES_AGGRESSIVE;
				GCC_WARN_UNUSED_FUNCTION = YES;
				GCC_WARN_UNUSED_VARIABLE = YES;
				MACOSX_DEPLOYMENT_TARGET = 13.0;
				MTL_ENABLE_DEBUG_INFO = INCLUDE_SOURCE;
				MTL_FAST_MATH = YES;
				ONLY_ACTIVE_ARCH = YES;
				SDKROOT = macosx;
				SWIFT_ACTIVE_COMPILATION_CONDITIONS = DEBUG;
				SWIFT_OPTIMIZATION_LEVEL = "-Onone";
			};
			name = Debug;
		};
		44C0C3452A8DF5880072A0B8 /* Release */ = {
			isa = XCBuildConfiguration;
			buildSettings = {
				ALWAYS_SEARCH_USER_PATHS = NO;
				CLANG_ANALYZER_NONNULL = YES;
				CLANG_ANALYZER_NUMBER_OBJECT_CONVERSION = YES_AGGRESSIVE;
				CLANG_CXX_LANGUAGE_STANDARD = "gnu++20";
				CLANG_ENABLE_MODULES = YES;
				CLANG_ENABLE_OBJC_ARC = YES;
				CLANG_ENABLE_OBJC_WEAK = YES;
				CLANG_WARN_BLOCK_CAPTURE_AUTORELEASING = YES;
				CLANG_WARN_BOOL_CONVERSION = YES;
				CLANG_WARN_COMMA = YES;
				CLANG_WARN_CONSTANT_CONVERSION = YES;
				CLANG_WARN_DEPRECATED_OBJC_IMPLEMENTATIONS = YES;
				CLANG_WARN_DIRECT_OBJC_ISA_USAGE = YES_ERROR;
				CLANG_WARN_DOCUMENTATION_COMMENTS = YES;
				CLANG_WARN_EMPTY_BODY = YES;
				CLANG_WARN_ENUM_CONVERSION = YES;
				CLANG_WARN_INFINITE_RECURSION = YES;
				CLANG_WARN_INT_CONVERSION = YES;
				CLANG_WARN_NON_LITERAL_NULL_CONVERSION = YES;
				CLANG_WARN_OBJC_IMPLICIT_RETAIN_SELF = YES;
				CLANG_WARN_OBJC_LITERAL_CONVERSION = YES;
				CLANG_WARN_OBJC_ROOT_CLASS = YES_ERROR;
				CLANG_WARN_QUOTED_INCLUDE_IN_FRAMEWORK_HEADER = YES;
				CLANG_WARN_RANGE_LOOP_ANALYSIS = YES;
				CLANG_WARN_STRICT_PROTOTYPES = YES;
				CLANG_WARN_SUSPICIOUS_MOVE = YES;
				CLANG_WARN_UNGUARDED_AVAILABILITY = YES_AGGRESSIVE;
				CLANG_WARN_UNREACHABLE_CODE = YES;
				CLANG_WARN__DUPLICATE_METHOD_MATCH = YES;
				COPY_PHASE_STRIP = NO;
				DEAD_CODE_STRIPPING = YES;
				DEBUG_INFORMATION_FORMAT = "dwarf-with-dsym";
				ENABLE_NS_ASSERTIONS = NO;
				ENABLE_STRICT_OBJC_MSGSEND = YES;
				ENABLE_USER_SCRIPT_SANDBOXING = YES;
				GCC_C_LANGUAGE_STANDARD = gnu11;
				GCC_NO_COMMON_BLOCKS = YES;
				GCC_WARN_64_TO_32_BIT_CONVERSION = YES;
				GCC_WARN_ABOUT_RETURN_TYPE = YES_ERROR;
				GCC_WARN_UNDECLARED_SELECTOR = YES;
				GCC_WARN_UNINITIALIZED_AUTOS = YES_AGGRESSIVE;
				GCC_WARN_UNUSED_FUNCTION = YES;
				GCC_WARN_UNUSED_VARIABLE = YES;
				MACOSX_DEPLOYMENT_TARGET = 13.0;
				MTL_ENABLE_DEBUG_INFO = NO;
				MTL_FAST_MATH = YES;
				SDKROOT = macosx;
				SWIFT_COMPILATION_MODE = wholemodule;
				SWIFT_OPTIMIZATION_LEVEL = "-O";
			};
			name = Release;
		};
		44C0C3472A8DF5880072A0B8 /* Debug */ = {
			isa = XCBuildConfiguration;
			buildSettings = {
				CODE_SIGN_STYLE = Automatic;
				DEAD_CODE_STRIPPING = YES;
				DEVELOPMENT_TEAM = 6S2SA26VAN;
				ENABLE_HARDENED_RUNTIME = YES;
				PRODUCT_NAME = "$(TARGET_NAME)";
				SWIFT_VERSION = 5.0;
			};
			name = Debug;
		};
		44C0C3482A8DF5880072A0B8 /* Release */ = {
			isa = XCBuildConfiguration;
			buildSettings = {
				CODE_SIGN_STYLE = Automatic;
				DEAD_CODE_STRIPPING = YES;
				DEVELOPMENT_TEAM = 6S2SA26VAN;
				ENABLE_HARDENED_RUNTIME = YES;
				PRODUCT_NAME = "$(TARGET_NAME)";
				SWIFT_VERSION = 5.0;
			};
			name = Release;
		};
/* End XCBuildConfiguration section */

/* Begin XCConfigurationList section */
		44C0C33A2A8DF5880072A0B8 /* Build configuration list for PBXProject "AlgorithmTest-ReadLine" */ = {
			isa = XCConfigurationList;
			buildConfigurations = (
				44C0C3442A8DF5880072A0B8 /* Debug */,
				44C0C3452A8DF5880072A0B8 /* Release */,
			);
			defaultConfigurationIsVisible = 0;
			defaultConfigurationName = Release;
		};
		44C0C3462A8DF5880072A0B8 /* Build configuration list for PBXNativeTarget "AlgorithmTest-ReadLine" */ = {
			isa = XCConfigurationList;
			buildConfigurations = (
				44C0C3472A8DF5880072A0B8 /* Debug */,
				44C0C3482A8DF5880072A0B8 /* Release */,
			);
			defaultConfigurationIsVisible = 0;
			defaultConfigurationName = Release;
		};
/* End XCConfigurationList section */
	};
	rootObject = 44C0C3372A8DF5880072A0B8 /* Project object */;
}
